// !$*UTF8*$!
{
	archiveVersion = 1;
	classes = {
	};
	objectVersion = 77;
	objects = {

/* Begin PBXContainerItemProxy section */
		06F2B2B72DD50237000C9550 /* PBXContainerItemProxy */ = {
			isa = PBXContainerItemProxy;
			containerPortal = 06F2B2982DD50236000C9550 /* Project object */;
			proxyType = 1;
			remoteGlobalIDString = 06F2B29F2DD50236000C9550;
			remoteInfo = "Padel-Schedule";
		};
		06F2B2C12DD50237000C9550 /* PBXContainerItemProxy */ = {
			isa = PBXContainerItemProxy;
			containerPortal = 06F2B2982DD50236000C9550 /* Project object */;
			proxyType = 1;
			remoteGlobalIDString = 06F2B29F2DD50236000C9550;
			remoteInfo = "Padel-Schedule";
		};
/* End PBXContainerItemProxy section */

/* Begin PBXFileReference section */
		06F2B2A02DD50236000C9550 /* Padel-Schedule.app */ = {isa = PBXFileReference; explicitFileType = wrapper.application; includeInIndex = 0; path = "Padel-Schedule.app"; sourceTree = BUILT_PRODUCTS_DIR; };
		06F2B2B62DD50237000C9550 /* Padel-ScheduleTests.xctest */ = {isa = PBXFileReference; explicitFileType = wrapper.cfbundle; includeInIndex = 0; path = "Padel-ScheduleTests.xctest"; sourceTree = BUILT_PRODUCTS_DIR; };
		06F2B2C02DD50237000C9550 /* Padel-ScheduleUITests.xctest */ = {isa = PBXFileReference; explicitFileType = wrapper.cfbundle; includeInIndex = 0; path = "Padel-ScheduleUITests.xctest"; sourceTree = BUILT_PRODUCTS_DIR; };
/* End PBXFileReference section */

/* Begin PBXFileSystemSynchronizedBuildFileExceptionSet section */
		06F2B2C82DD50237000C9550 /* Exceptions for "Padel-Schedule" folder in "Padel-Schedule" target */ = {
			isa = PBXFileSystemSynchronizedBuildFileExceptionSet;
			membershipExceptions = (
				Info.plist,
			);
			target = 06F2B29F2DD50236000C9550 /* Padel-Schedule */;
		};
/* End PBXFileSystemSynchronizedBuildFileExceptionSet section */

/* Begin PBXFileSystemSynchronizedRootGroup section */
		06F2B2A22DD50236000C9550 /* Padel-Schedule */ = {
			isa = PBXFileSystemSynchronizedRootGroup;
			exceptions = (
				06F2B2C82DD50237000C9550 /* Exceptions for "Padel-Schedule" folder in "Padel-Schedule" target */,
			);
			path = "Padel-Schedule";
			sourceTree = "<group>";
		};
		06F2B2B92DD50237000C9550 /* Padel-ScheduleTests */ = {
			isa = PBXFileSystemSynchronizedRootGroup;
			path = "Padel-ScheduleTests";
			sourceTree = "<group>";
		};
		06F2B2C32DD50237000C9550 /* Padel-ScheduleUITests */ = {
			isa = PBXFileSystemSynchronizedRootGroup;
			path = "Padel-ScheduleUITests";
			sourceTree = "<group>";
		};
/* End PBXFileSystemSynchronizedRootGroup section */

/* Begin PBXFrameworksBuildPhase section */
		06F2B29D2DD50236000C9550 /* Frameworks */ = {
			isa = PBXFrameworksBuildPhase;
			buildActionMask = 2147483647;
			files = (
			);
			runOnlyForDeploymentPostprocessing = 0;
		};
		06F2B2B32DD50237000C9550 /* Frameworks */ = {
			isa = PBXFrameworksBuildPhase;
			buildActionMask = 2147483647;
			files = (
			);
			runOnlyForDeploymentPostprocessing = 0;
		};
		06F2B2BD2DD50237000C9550 /* Frameworks */ = {
			isa = PBXFrameworksBuildPhase;
			buildActionMask = 2147483647;
			files = (
			);
			runOnlyForDeploymentPostprocessing = 0;
		};
/* End PBXFrameworksBuildPhase section */

/* Begin PBXGroup section */
		06F2B2972DD50236000C9550 = {
			isa = PBXGroup;
			children = (
				06F2B2A22DD50236000C9550 /* Padel-Schedule */,
				06F2B2B92DD50237000C9550 /* Padel-ScheduleTests */,
				06F2B2C32DD50237000C9550 /* Padel-ScheduleUITests */,
				06F2B2A12DD50236000C9550 /* Products */,
			);
			sourceTree = "<group>";
		};
		06F2B2A12DD50236000C9550 /* Products */ = {
			isa = PBXGroup;
			children = (
				06F2B2A02DD50236000C9550 /* Padel-Schedule.app */,
				06F2B2B62DD50237000C9550 /* Padel-ScheduleTests.xctest */,
				06F2B2C02DD50237000C9550 /* Padel-ScheduleUITests.xctest */,
			);
			name = Products;
			sourceTree = "<group>";
		};
/* End PBXGroup section */

/* Begin PBXNativeTarget section */
		06F2B29F2DD50236000C9550 /* Padel-Schedule */ = {
			isa = PBXNativeTarget;
			buildConfigurationList = 06F2B2C92DD50237000C9550 /* Build configuration list for PBXNativeTarget "Padel-Schedule" */;
			buildPhases = (
				06F2B29C2DD50236000C9550 /* Sources */,
				06F2B29D2DD50236000C9550 /* Frameworks */,
				06F2B29E2DD50236000C9550 /* Resources */,
			);
			buildRules = (
			);
			dependencies = (
			);
			fileSystemSynchronizedGroups = (
				06F2B2A22DD50236000C9550 /* Padel-Schedule */,
			);
			name = "Padel-Schedule";
			packageProductDependencies = (
			);
			productName = "Padel-Schedule";
			productReference = 06F2B2A02DD50236000C9550 /* Padel-Schedule.app */;
			productType = "com.apple.product-type.application";
		};
		06F2B2B52DD50237000C9550 /* Padel-ScheduleTests */ = {
			isa = PBXNativeTarget;
			buildConfigurationList = 06F2B2CE2DD50237000C9550 /* Build configuration list for PBXNativeTarget "Padel-ScheduleTests" */;
			buildPhases = (
				06F2B2B22DD50237000C9550 /* Sources */,
				06F2B2B32DD50237000C9550 /* Frameworks */,
				06F2B2B42DD50237000C9550 /* Resources */,
			);
			buildRules = (
			);
			dependencies = (
				06F2B2B82DD50237000C9550 /* PBXTargetDependency */,
			);
			fileSystemSynchronizedGroups = (
				06F2B2B92DD50237000C9550 /* Padel-ScheduleTests */,
			);
			name = "Padel-ScheduleTests";
			packageProductDependencies = (
			);
			productName = "Padel-ScheduleTests";
			productReference = 06F2B2B62DD50237000C9550 /* Padel-ScheduleTests.xctest */;
			productType = "com.apple.product-type.bundle.unit-test";
		};
		06F2B2BF2DD50237000C9550 /* Padel-ScheduleUITests */ = {
			isa = PBXNativeTarget;
			buildConfigurationList = 06F2B2D12DD50237000C9550 /* Build configuration list for PBXNativeTarget "Padel-ScheduleUITests" */;
			buildPhases = (
				06F2B2BC2DD50237000C9550 /* Sources */,
				06F2B2BD2DD50237000C9550 /* Frameworks */,
				06F2B2BE2DD50237000C9550 /* Resources */,
			);
			buildRules = (
			);
			dependencies = (
				06F2B2C22DD50237000C9550 /* PBXTargetDependency */,
			);
			fileSystemSynchronizedGroups = (
				06F2B2C32DD50237000C9550 /* Padel-ScheduleUITests */,
			);
			name = "Padel-ScheduleUITests";
			packageProductDependencies = (
			);
			productName = "Padel-ScheduleUITests";
			productReference = 06F2B2C02DD50237000C9550 /* Padel-ScheduleUITests.xctest */;
			productType = "com.apple.product-type.bundle.ui-testing";
		};
/* End PBXNativeTarget section */

/* Begin PBXProject section */
		06F2B2982DD50236000C9550 /* Project object */ = {
			isa = PBXProject;
			attributes = {
				BuildIndependentTargetsInParallel = 1;
				LastSwiftUpdateCheck = 1600;
				LastUpgradeCheck = 1600;
				TargetAttributes = {
					06F2B29F2DD50236000C9550 = {
						CreatedOnToolsVersion = 16.0;
					};
					06F2B2B52DD50237000C9550 = {
						CreatedOnToolsVersion = 16.0;
						TestTargetID = 06F2B29F2DD50236000C9550;
					};
					06F2B2BF2DD50237000C9550 = {
						CreatedOnToolsVersion = 16.0;
						TestTargetID = 06F2B29F2DD50236000C9550;
					};
				};
			};
			buildConfigurationList = 06F2B29B2DD50236000C9550 /* Build configuration list for PBXProject "Padel-Schedule" */;
			developmentRegion = en;
			hasScannedForEncodings = 0;
			knownRegions = (
				en,
				Base,
			);
			mainGroup = 06F2B2972DD50236000C9550;
			minimizedProjectReferenceProxies = 1;
			preferredProjectObjectVersion = 77;
			productRefGroup = 06F2B2A12DD50236000C9550 /* Products */;
			projectDirPath = "";
			projectRoot = "";
			targets = (
				06F2B29F2DD50236000C9550 /* Padel-Schedule */,
				06F2B2B52DD50237000C9550 /* Padel-ScheduleTests */,
				06F2B2BF2DD50237000C9550 /* Padel-ScheduleUITests */,
			);
		};
/* End PBXProject section */

/* Begin PBXResourcesBuildPhase section */
		06F2B29E2DD50236000C9550 /* Resources */ = {
			isa = PBXResourcesBuildPhase;
			buildActionMask = 2147483647;
			files = (
			);
			runOnlyForDeploymentPostprocessing = 0;
		};
		06F2B2B42DD50237000C9550 /* Resources */ = {
			isa = PBXResourcesBuildPhase;
			buildActionMask = 2147483647;
			files = (
			);
			runOnlyForDeploymentPostprocessing = 0;
		};
		06F2B2BE2DD50237000C9550 /* Resources */ = {
			isa = PBXResourcesBuildPhase;
			buildActionMask = 2147483647;
			files = (
			);
			runOnlyForDeploymentPostprocessing = 0;
		};
/* End PBXResourcesBuildPhase section */

/* Begin PBXSourcesBuildPhase section */
		06F2B29C2DD50236000C9550 /* Sources */ = {
			isa = PBXSourcesBuildPhase;
			buildActionMask = 2147483647;
			files = (
			);
			runOnlyForDeploymentPostprocessing = 0;
		};
		06F2B2B22DD50237000C9550 /* Sources */ = {
			isa = PBXSourcesBuildPhase;
			buildActionMask = 2147483647;
			files = (
			);
			runOnlyForDeploymentPostprocessing = 0;
		};
		06F2B2BC2DD50237000C9550 /* Sources */ = {
			isa = PBXSourcesBuildPhase;
			buildActionMask = 2147483647;
			files = (
			);
			runOnlyForDeploymentPostprocessing = 0;
		};
/* End PBXSourcesBuildPhase section */

/* Begin PBXTargetDependency section */
		06F2B2B82DD50237000C9550 /* PBXTargetDependency */ = {
			isa = PBXTargetDependency;
			target = 06F2B29F2DD50236000C9550 /* Padel-Schedule */;
			targetProxy = 06F2B2B72DD50237000C9550 /* PBXContainerItemProxy */;
		};
		06F2B2C22DD50237000C9550 /* PBXTargetDependency */ = {
			isa = PBXTargetDependency;
			target = 06F2B29F2DD50236000C9550 /* Padel-Schedule */;
			targetProxy = 06F2B2C12DD50237000C9550 /* PBXContainerItemProxy */;
		};
/* End PBXTargetDependency section */

/* Begin XCBuildConfiguration section */
		06F2B2CA2DD50237000C9550 /* Debug */ = {
			isa = XCBuildConfiguration;
			buildSettings = {
				ASSETCATALOG_COMPILER_APPICON_NAME = AppIcon;
				ASSETCATALOG_COMPILER_GLOBAL_ACCENT_COLOR_NAME = AccentColor;
				CODE_SIGN_STYLE = Automatic;
				CURRENT_PROJECT_VERSION = 1;
				DEVELOPMENT_TEAM = 5C5657XP2G;
				GENERATE_INFOPLIST_FILE = YES;
				INFOPLIST_FILE = "Padel-Schedule/Info.plist";
				INFOPLIST_KEY_UIApplicationSupportsIndirectInputEvents = YES;
				INFOPLIST_KEY_UILaunchStoryboardName = LaunchScreen;
				INFOPLIST_KEY_UIMainStoryboardFile = Main;
				INFOPLIST_KEY_UISupportedInterfaceOrientations_iPad = "UIInterfaceOrientationPortrait UIInterfaceOrientationPortraitUpsideDown UIInterfaceOrientationLandscapeLeft UIInterfaceOrientationLandscapeRight";
				INFOPLIST_KEY_UISupportedInterfaceOrientations_iPhone = "UIInterfaceOrientationPortrait UIInterfaceOrientationLandscapeLeft UIInterfaceOrientationLandscapeRight";
				LD_RUNPATH_SEARCH_PATHS = (
					"$(inherited)",
					"@executable_path/Frameworks",
				);
				MARKETING_VERSION = 1.0;
				PRODUCT_BUNDLE_IDENTIFIER = "com.mostafa.Padel-Schedule";
				PRODUCT_NAME = "$(TARGET_NAME)";
				SWIFT_EMIT_LOC_STRINGS = YES;
				SWIFT_VERSION = 5.0;
				TARGETED_DEVICE_FAMILY = "1,2";
			};
			name = Debug;
		};
		06F2B2CB2DD50237000C9550 /* Release */ = {
			isa = XCBuildConfiguration;
			buildSettings = {
				ASSETCATALOG_COMPILER_APPICON_NAME = AppIcon;
				ASSETCATALOG_COMPILER_GLOBAL_ACCENT_COLOR_NAME = AccentColor;
				CODE_SIGN_STYLE = Automatic;
				CURRENT_PROJECT_VERSION = 1;
				DEVELOPMENT_TEAM = 5C5657XP2G;
				GENERATE_INFOPLIST_FILE = YES;
				INFOPLIST_FILE = "Padel-Schedule/Info.plist";
				INFOPLIST_KEY_UIApplicationSupportsIndirectInputEvents = YES;
				INFOPLIST_KEY_UILaunchStoryboardName = LaunchScreen;
				INFOPLIST_KEY_UIMainStoryboardFile = Main;
				INFOPLIST_KEY_UISupportedInterfaceOrientations_iPad = "UIInterfaceOrientationPortrait UIInterfaceOrientationPortraitUpsideDown UIInterfaceOrientationLandscapeLeft UIInterfaceOrientationLandscapeRight";
				INFOPLIST_KEY_UISupportedInterfaceOrientations_iPhone = "UIInterfaceOrientationPortrait UIInterfaceOrientationLandscapeLeft UIInterfaceOrientationLandscapeRight";
				LD_RUNPATH_SEARCH_PATHS = (
					"$(inherited)",
					"@executable_path/Frameworks",
				);
				MARKETING_VERSION = 1.0;
				PRODUCT_BUNDLE_IDENTIFIER = "com.mostafa.Padel-Schedule";
				PRODUCT_NAME = "$(TARGET_NAME)";
				SWIFT_EMIT_LOC_STRINGS = YES;
				SWIFT_VERSION = 5.0;
				TARGETED_DEVICE_FAMILY = "1,2";
			};
			name = Release;
		};
		06F2B2CC2DD50237000C9550 /* Debug */ = {
			isa = XCBuildConfiguration;
			buildSettings = {
				ALWAYS_SEARCH_USER_PATHS = NO;
				ASSETCATALOG_COMPILER_GENERATE_SWIFT_ASSET_SYMBOL_EXTENSIONS = YES;
				CLANG_ANALYZER_NONNULL = YES;
				CLANG_ANALYZER_NUMBER_OBJECT_CONVERSION = YES_AGGRESSIVE;
				CLANG_CXX_LANGUAGE_STANDARD = "gnu++20";
				CLANG_ENABLE_MODULES = YES;
				CLANG_ENABLE_OBJC_ARC = YES;
				CLANG_ENABLE_OBJC_WEAK = YES;
				CLANG_WARN_BLOCK_CAPTURE_AUTORELEASING = YES;
				CLANG_WARN_BOOL_CONVERSION = YES;
				CLANG_WARN_COMMA = YES;
				CLANG_WARN_CONSTANT_CONVERSION = YES;
				CLANG_WARN_DEPRECATED_OBJC_IMPLEMENTATIONS = YES;
				CLANG_WARN_DIRECT_OBJC_ISA_USAGE = YES_ERROR;
				CLANG_WARN_DOCUMENTATION_COMMENTS = YES;
				CLANG_WARN_EMPTY_BODY = YES;
				CLANG_WARN_ENUM_CONVERSION = YES;
				CLANG_WARN_INFINITE_RECURSION = YES;
				CLANG_WARN_INT_CONVERSION = YES;
				CLANG_WARN_NON_LITERAL_NULL_CONVERSION = YES;
				CLANG_WARN_OBJC_IMPLICIT_RETAIN_SELF = YES;
				CLANG_WARN_OBJC_LITERAL_CONVERSION = YES;
				CLANG_WARN_OBJC_ROOT_CLASS = YES_ERROR;
				CLANG_WARN_QUOTED_INCLUDE_IN_FRAMEWORK_HEADER = YES;
				CLANG_WARN_RANGE_LOOP_ANALYSIS = YES;
				CLANG_WARN_STRICT_PROTOTYPES = YES;
				CLANG_WARN_SUSPICIOUS_MOVE = YES;
				CLANG_WARN_UNGUARDED_AVAILABILITY = YES_AGGRESSIVE;
				CLANG_WARN_UNREACHABLE_CODE = YES;
				CLANG_WARN__DUPLICATE_METHOD_MATCH = YES;
				COPY_PHASE_STRIP = NO;
				DEBUG_INFORMATION_FORMAT = dwarf;
				ENABLE_STRICT_OBJC_MSGSEND = YES;
				ENABLE_TESTABILITY = YES;
				ENABLE_USER_SCRIPT_SANDBOXING = YES;
				GCC_C_LANGUAGE_STANDARD = gnu17;
				GCC_DYNAMIC_NO_PIC = NO;
				GCC_NO_COMMON_BLOCKS = YES;
				GCC_OPTIMIZATION_LEVEL = 0;
				GCC_PREPROCESSOR_DEFINITIONS = (
					"DEBUG=1",
					"$(inherited)",
				);
				GCC_WARN_64_TO_32_BIT_CONVERSION = YES;
				GCC_WARN_ABOUT_RETURN_TYPE = YES_ERROR;
				GCC_WARN_UNDECLARED_SELECTOR = YES;
				GCC_WARN_UNINITIALIZED_AUTOS = YES_AGGRESSIVE;
				GCC_WARN_UNUSED_FUNCTION = YES;
				GCC_WARN_UNUSED_VARIABLE = YES;
				IPHONEOS_DEPLOYMENT_TARGET = 18.0;
				LOCALIZATION_PREFERS_STRING_CATALOGS = YES;
				MTL_ENABLE_DEBUG_INFO = INCLUDE_SOURCE;
				MTL_FAST_MATH = YES;
				ONLY_ACTIVE_ARCH = YES;
				SDKROOT = iphoneos;
				SWIFT_ACTIVE_COMPILATION_CONDITIONS = "DEBUG $(inherited)";
				SWIFT_OPTIMIZATION_LEVEL = "-Onone";
			};
			name = Debug;
		};
		06F2B2CD2DD50237000C9550 /* Release */ = {
			isa = XCBuildConfiguration;
			buildSettings = {
				ALWAYS_SEARCH_USER_PATHS = NO;
				ASSETCATALOG_COMPILER_GENERATE_SWIFT_ASSET_SYMBOL_EXTENSIONS = YES;
				CLANG_ANALYZER_NONNULL = YES;
				CLANG_ANALYZER_NUMBER_OBJECT_CONVERSION = YES_AGGRESSIVE;
				CLANG_CXX_LANGUAGE_STANDARD = "gnu++20";
				CLANG_ENABLE_MODULES = YES;
				CLANG_ENABLE_OBJC_ARC = YES;
				CLANG_ENABLE_OBJC_WEAK = YES;
				CLANG_WARN_BLOCK_CAPTURE_AUTORELEASING = YES;
				CLANG_WARN_BOOL_CONVERSION = YES;
				CLANG_WARN_COMMA = YES;
				CLANG_WARN_CONSTANT_CONVERSION = YES;
				CLANG_WARN_DEPRECATED_OBJC_IMPLEMENTATIONS = YES;
				CLANG_WARN_DIRECT_OBJC_ISA_USAGE = YES_ERROR;
				CLANG_WARN_DOCUMENTATION_COMMENTS = YES;
				CLANG_WARN_EMPTY_BODY = YES;
				CLANG_WARN_ENUM_CONVERSION = YES;
				CLANG_WARN_INFINITE_RECURSION = YES;
				CLANG_WARN_INT_CONVERSION = YES;
				CLANG_WARN_NON_LITERAL_NULL_CONVERSION = YES;
				CLANG_WARN_OBJC_IMPLICIT_RETAIN_SELF = YES;
				CLANG_WARN_OBJC_LITERAL_CONVERSION = YES;
				CLANG_WARN_OBJC_ROOT_CLASS = YES_ERROR;
				CLANG_WARN_QUOTED_INCLUDE_IN_FRAMEWORK_HEADER = YES;
				CLANG_WARN_RANGE_LOOP_ANALYSIS = YES;
				CLANG_WARN_STRICT_PROTOTYPES = YES;
				CLANG_WARN_SUSPICIOUS_MOVE = YES;
				CLANG_WARN_UNGUARDED_AVAILABILITY = YES_AGGRESSIVE;
				CLANG_WARN_UNREACHABLE_CODE = YES;
				CLANG_WARN__DUPLICATE_METHOD_MATCH = YES;
				COPY_PHASE_STRIP = NO;
				DEBUG_INFORMATION_FORMAT = "dwarf-with-dsym";
				ENABLE_NS_ASSERTIONS = NO;
				ENABLE_STRICT_OBJC_MSGSEND = YES;
				ENABLE_USER_SCRIPT_SANDBOXING = YES;
				GCC_C_LANGUAGE_STANDARD = gnu17;
				GCC_NO_COMMON_BLOCKS = YES;
				GCC_WARN_64_TO_32_BIT_CONVERSION = YES;
				GCC_WARN_ABOUT_RETURN_TYPE = YES_ERROR;
				GCC_WARN_UNDECLARED_SELECTOR = YES;
				GCC_WARN_UNINITIALIZED_AUTOS = YES_AGGRESSIVE;
				GCC_WARN_UNUSED_FUNCTION = YES;
				GCC_WARN_UNUSED_VARIABLE = YES;
				IPHONEOS_DEPLOYMENT_TARGET = 18.0;
				LOCALIZATION_PREFERS_STRING_CATALOGS = YES;
				MTL_ENABLE_DEBUG_INFO = NO;
				MTL_FAST_MATH = YES;
				SDKROOT = iphoneos;
				SWIFT_COMPILATION_MODE = wholemodule;
				VALIDATE_PRODUCT = YES;
			};
			name = Release;
		};
		06F2B2CF2DD50237000C9550 /* Debug */ = {
			isa = XCBuildConfiguration;
			buildSettings = {
				BUNDLE_LOADER = "$(TEST_HOST)";
				CODE_SIGN_STYLE = Automatic;
				CURRENT_PROJECT_VERSION = 1;
				DEVELOPMENT_TEAM = 5C5657XP2G;
				GENERATE_INFOPLIST_FILE = YES;
				IPHONEOS_DEPLOYMENT_TARGET = 18.0;
				MARKETING_VERSION = 1.0;
				PRODUCT_BUNDLE_IDENTIFIER = "com.mostafa.Padel-ScheduleTests";
				PRODUCT_NAME = "$(TARGET_NAME)";
				SWIFT_EMIT_LOC_STRINGS = NO;
				SWIFT_VERSION = 5.0;
				TARGETED_DEVICE_FAMILY = "1,2";
				TEST_HOST = "$(BUILT_PRODUCTS_DIR)/Padel-Schedule.app/$(BUNDLE_EXECUTABLE_FOLDER_PATH)/Padel-Schedule";
			};
			name = Debug;
		};
		06F2B2D02DD50237000C9550 /* Release */ = {
			isa = XCBuildConfiguration;
			buildSettings = {
				BUNDLE_LOADER = "$(TEST_HOST)";
				CODE_SIGN_STYLE = Automatic;
				CURRENT_PROJECT_VERSION = 1;
				DEVELOPMENT_TEAM = 5C5657XP2G;
				GENERATE_INFOPLIST_FILE = YES;
				IPHONEOS_DEPLOYMENT_TARGET = 18.0;
				MARKETING_VERSION = 1.0;
				PRODUCT_BUNDLE_IDENTIFIER = "com.mostafa.Padel-ScheduleTests";
				PRODUCT_NAME = "$(TARGET_NAME)";
				SWIFT_EMIT_LOC_STRINGS = NO;
				SWIFT_VERSION = 5.0;
				TARGETED_DEVICE_FAMILY = "1,2";
				TEST_HOST = "$(BUILT_PRODUCTS_DIR)/Padel-Schedule.app/$(BUNDLE_EXECUTABLE_FOLDER_PATH)/Padel-Schedule";
			};
			name = Release;
		};
		06F2B2D22DD50237000C9550 /* Debug */ = {
			isa = XCBuildConfiguration;
			buildSettings = {
				CODE_SIGN_STYLE = Automatic;
				CURRENT_PROJECT_VERSION = 1;
				DEVELOPMENT_TEAM = 5C5657XP2G;
				GENERATE_INFOPLIST_FILE = YES;
				MARKETING_VERSION = 1.0;
				PRODUCT_BUNDLE_IDENTIFIER = "com.mostafa.Padel-ScheduleUITests";
				PRODUCT_NAME = "$(TARGET_NAME)";
				SWIFT_EMIT_LOC_STRINGS = NO;
				SWIFT_VERSION = 5.0;
				TARGETED_DEVICE_FAMILY = "1,2";
				TEST_TARGET_NAME = "Padel-Schedule";
			};
			name = Debug;
		};
		06F2B2D32DD50237000C9550 /* Release */ = {
			isa = XCBuildConfiguration;
			buildSettings = {
				CODE_SIGN_STYLE = Automatic;
				CURRENT_PROJECT_VERSION = 1;
				DEVELOPMENT_TEAM = 5C5657XP2G;
				GENERATE_INFOPLIST_FILE = YES;
				MARKETING_VERSION = 1.0;
				PRODUCT_BUNDLE_IDENTIFIER = "com.mostafa.Padel-ScheduleUITests";
				PRODUCT_NAME = "$(TARGET_NAME)";
				SWIFT_EMIT_LOC_STRINGS = NO;
				SWIFT_VERSION = 5.0;
				TARGETED_DEVICE_FAMILY = "1,2";
				TEST_TARGET_NAME = "Padel-Schedule";
			};
			name = Release;
		};
/* End XCBuildConfiguration section */

/* Begin XCConfigurationList section */
		06F2B29B2DD50236000C9550 /* Build configuration list for PBXProject "Padel-Schedule" */ = {
			isa = XCConfigurationList;
			buildConfigurations = (
				06F2B2CC2DD50237000C9550 /* Debug */,
				06F2B2CD2DD50237000C9550 /* Release */,
			);
			defaultConfigurationIsVisible = 0;
			defaultConfigurationName = Release;
		};
		06F2B2C92DD50237000C9550 /* Build configuration list for PBXNativeTarget "Padel-Schedule" */ = {
			isa = XCConfigurationList;
			buildConfigurations = (
				06F2B2CA2DD50237000C9550 /* Debug */,
				06F2B2CB2DD50237000C9550 /* Release */,
			);
			defaultConfigurationIsVisible = 0;
			defaultConfigurationName = Release;
		};
		06F2B2CE2DD50237000C9550 /* Build configuration list for PBXNativeTarget "Padel-ScheduleTests" */ = {
			isa = XCConfigurationList;
			buildConfigurations = (
				06F2B2CF2DD50237000C9550 /* Debug */,
				06F2B2D02DD50237000C9550 /* Release */,
			);
			defaultConfigurationIsVisible = 0;
			defaultConfigurationName = Release;
		};
		06F2B2D12DD50237000C9550 /* Build configuration list for PBXNativeTarget "Padel-ScheduleUITests" */ = {
			isa = XCConfigurationList;
			buildConfigurations = (
				06F2B2D22DD50237000C9550 /* Debug */,
				06F2B2D32DD50237000C9550 /* Release */,
			);
			defaultConfigurationIsVisible = 0;
			defaultConfigurationName = Release;
		};
/* End XCConfigurationList section */
	};
	rootObject = 06F2B2982DD50236000C9550 /* Project object */;
}
